// !$*UTF8*$!
{
	archiveVersion = 1;
	classes = {
	};
	objectVersion = 56;
	objects = {

/* Begin PBXBuildFile section */
		6A1BC9D12B0D038C006875F4 /* LoadingView.swift in Sources */ = {isa = PBXBuildFile; fileRef = 6A1BC9D02B0D038C006875F4 /* LoadingView.swift */; };
		6A3D2EDE2B0DED6F00E5B85F /* Questions.swift in Sources */ = {isa = PBXBuildFile; fileRef = 6A3D2EDD2B0DED6F00E5B85F /* Questions.swift */; };
		6A42E7B02B0E542200C5D019 /* AddBotView.swift in Sources */ = {isa = PBXBuildFile; fileRef = 6A42E7AF2B0E542200C5D019 /* AddBotView.swift */; };
		6A42E7B22B0E547000C5D019 /* DifficultyCard.swift in Sources */ = {isa = PBXBuildFile; fileRef = 6A42E7B12B0E547000C5D019 /* DifficultyCard.swift */; };
		6A42E7B62B0E550600C5D019 /* DifficultySelectionView.swift in Sources */ = {isa = PBXBuildFile; fileRef = 6A42E7B52B0E550600C5D019 /* DifficultySelectionView.swift */; };
		6A441A932B0B8F0800BF77A2 /* Player.swift in Sources */ = {isa = PBXBuildFile; fileRef = 6A441A922B0B8F0800BF77A2 /* Player.swift */; };
		6A441A952B0B8F1900BF77A2 /* APIManager.swift in Sources */ = {isa = PBXBuildFile; fileRef = 6A441A942B0B8F1900BF77A2 /* APIManager.swift */; };
		6A441A9D2B0B8F6C00BF77A2 /* QuizController.swift in Sources */ = {isa = PBXBuildFile; fileRef = 6A441A9C2B0B8F6C00BF77A2 /* QuizController.swift */; };
		6A441AA12B0B903B00BF77A2 /* HomeView.swift in Sources */ = {isa = PBXBuildFile; fileRef = 6A441AA02B0B903B00BF77A2 /* HomeView.swift */; };
		6A441AA82B0B96A500BF77A2 /* GameModeSelectionView.swift in Sources */ = {isa = PBXBuildFile; fileRef = 6A441AA72B0B96A500BF77A2 /* GameModeSelectionView.swift */; };
		6A45D0102B0C9FAF006CDE15 /* Categories.swift in Sources */ = {isa = PBXBuildFile; fileRef = 6A45D00F2B0C9FAF006CDE15 /* Categories.swift */; };
		6A45D0162B0CA72A006CDE15 /* QuizView.swift in Sources */ = {isa = PBXBuildFile; fileRef = 6A45D0152B0CA72A006CDE15 /* QuizView.swift */; };
		6A45D0182B0CAFDD006CDE15 /* ResultView.swift in Sources */ = {isa = PBXBuildFile; fileRef = 6A45D0172B0CAFDD006CDE15 /* ResultView.swift */; };
		6A8496AF2B0B6CBC002E98D9 /* school_projectApp.swift in Sources */ = {isa = PBXBuildFile; fileRef = 6A8496AE2B0B6CBC002E98D9 /* school_projectApp.swift */; };
		6A8496B32B0B6CC1002E98D9 /* Assets.xcassets in Resources */ = {isa = PBXBuildFile; fileRef = 6A8496B22B0B6CC1002E98D9 /* Assets.xcassets */; };
		6A8496B72B0B6CC1002E98D9 /* Preview Assets.xcassets in Resources */ = {isa = PBXBuildFile; fileRef = 6A8496B62B0B6CC1002E98D9 /* Preview Assets.xcassets */; };
/* End PBXBuildFile section */

/* Begin PBXFileReference section */
		6A1BC9D02B0D038C006875F4 /* LoadingView.swift */ = {isa = PBXFileReference; lastKnownFileType = sourcecode.swift; path = LoadingView.swift; sourceTree = "<group>"; };
		6A3D2EDD2B0DED6F00E5B85F /* Questions.swift */ = {isa = PBXFileReference; lastKnownFileType = sourcecode.swift; path = Questions.swift; sourceTree = "<group>"; };
		6A42E7AF2B0E542200C5D019 /* AddBotView.swift */ = {isa = PBXFileReference; lastKnownFileType = sourcecode.swift; path = AddBotView.swift; sourceTree = "<group>"; };
		6A42E7B12B0E547000C5D019 /* DifficultyCard.swift */ = {isa = PBXFileReference; lastKnownFileType = sourcecode.swift; path = DifficultyCard.swift; sourceTree = "<group>"; };
		6A42E7B52B0E550600C5D019 /* DifficultySelectionView.swift */ = {isa = PBXFileReference; lastKnownFileType = sourcecode.swift; path = DifficultySelectionView.swift; sourceTree = "<group>"; };
		6A441A922B0B8F0800BF77A2 /* Player.swift */ = {isa = PBXFileReference; lastKnownFileType = sourcecode.swift; path = Player.swift; sourceTree = "<group>"; };
		6A441A942B0B8F1900BF77A2 /* APIManager.swift */ = {isa = PBXFileReference; lastKnownFileType = sourcecode.swift; path = APIManager.swift; sourceTree = "<group>"; };
		6A441A9C2B0B8F6C00BF77A2 /* QuizController.swift */ = {isa = PBXFileReference; lastKnownFileType = sourcecode.swift; path = QuizController.swift; sourceTree = "<group>"; };
		6A441AA02B0B903B00BF77A2 /* HomeView.swift */ = {isa = PBXFileReference; lastKnownFileType = sourcecode.swift; path = HomeView.swift; sourceTree = "<group>"; };
		6A441AA72B0B96A500BF77A2 /* GameModeSelectionView.swift */ = {isa = PBXFileReference; lastKnownFileType = sourcecode.swift; path = GameModeSelectionView.swift; sourceTree = "<group>"; };
		6A45D00F2B0C9FAF006CDE15 /* Categories.swift */ = {isa = PBXFileReference; lastKnownFileType = sourcecode.swift; path = Categories.swift; sourceTree = "<group>"; };
		6A45D0152B0CA72A006CDE15 /* QuizView.swift */ = {isa = PBXFileReference; lastKnownFileType = sourcecode.swift; path = QuizView.swift; sourceTree = "<group>"; };
		6A45D0172B0CAFDD006CDE15 /* ResultView.swift */ = {isa = PBXFileReference; lastKnownFileType = sourcecode.swift; path = ResultView.swift; sourceTree = "<group>"; };
		6A8496AB2B0B6CBC002E98D9 /* school project.app */ = {isa = PBXFileReference; explicitFileType = wrapper.application; includeInIndex = 0; path = "school project.app"; sourceTree = BUILT_PRODUCTS_DIR; };
		6A8496AE2B0B6CBC002E98D9 /* school_projectApp.swift */ = {isa = PBXFileReference; lastKnownFileType = sourcecode.swift; path = school_projectApp.swift; sourceTree = "<group>"; };
		6A8496B22B0B6CC1002E98D9 /* Assets.xcassets */ = {isa = PBXFileReference; lastKnownFileType = folder.assetcatalog; path = Assets.xcassets; sourceTree = "<group>"; };
		6A8496B42B0B6CC1002E98D9 /* school_project.entitlements */ = {isa = PBXFileReference; lastKnownFileType = text.plist.entitlements; path = school_project.entitlements; sourceTree = "<group>"; };
		6A8496B62B0B6CC1002E98D9 /* Preview Assets.xcassets */ = {isa = PBXFileReference; lastKnownFileType = folder.assetcatalog; path = "Preview Assets.xcassets"; sourceTree = "<group>"; };
/* End PBXFileReference section */

/* Begin PBXFrameworksBuildPhase section */
		6A8496A82B0B6CBC002E98D9 /* Frameworks */ = {
			isa = PBXFrameworksBuildPhase;
			buildActionMask = 2147483647;
			files = (
			);
			runOnlyForDeploymentPostprocessing = 0;
		};
/* End PBXFrameworksBuildPhase section */

/* Begin PBXGroup section */
		6A441A8B2B0B8E5D00BF77A2 /* Models */ = {
			isa = PBXGroup;
			children = (
				6A441A922B0B8F0800BF77A2 /* Player.swift */,
				6A441A942B0B8F1900BF77A2 /* APIManager.swift */,
				6A45D00F2B0C9FAF006CDE15 /* Categories.swift */,
				6A3D2EDD2B0DED6F00E5B85F /* Questions.swift */,
			);
			path = Models;
			sourceTree = "<group>";
		};
		6A441A8C2B0B8E7300BF77A2 /* Views */ = {
			isa = PBXGroup;
			children = (
				6A441AA02B0B903B00BF77A2 /* HomeView.swift */,
				6A441AA72B0B96A500BF77A2 /* GameModeSelectionView.swift */,
				6A45D0152B0CA72A006CDE15 /* QuizView.swift */,
				6A45D0172B0CAFDD006CDE15 /* ResultView.swift */,
				6A1BC9D02B0D038C006875F4 /* LoadingView.swift */,
				6A42E7AF2B0E542200C5D019 /* AddBotView.swift */,
				6A42E7B12B0E547000C5D019 /* DifficultyCard.swift */,
				6A42E7B52B0E550600C5D019 /* DifficultySelectionView.swift */,
			);
			path = Views;
			sourceTree = "<group>";
		};
		6A441A8D2B0B8E8500BF77A2 /* Controllers */ = {
			isa = PBXGroup;
			children = (
				6A441A9C2B0B8F6C00BF77A2 /* QuizController.swift */,
			);
			path = Controllers;
			sourceTree = "<group>";
		};
		6A441AA22B0B94AA00BF77A2 /* images */ = {
			isa = PBXGroup;
			children = (
			);
			path = images;
			sourceTree = "<group>";
		};
		6A8496A22B0B6CBC002E98D9 = {
			isa = PBXGroup;
			children = (
				6A8496AD2B0B6CBC002E98D9 /* school project */,
				6A8496AC2B0B6CBC002E98D9 /* Products */,
			);
			sourceTree = "<group>";
		};
		6A8496AC2B0B6CBC002E98D9 /* Products */ = {
			isa = PBXGroup;
			children = (
				6A8496AB2B0B6CBC002E98D9 /* school project.app */,
			);
			name = Products;
			sourceTree = "<group>";
		};
		6A8496AD2B0B6CBC002E98D9 /* school project */ = {
			isa = PBXGroup;
			children = (
				6A441AA22B0B94AA00BF77A2 /* images */,
				6A441A8D2B0B8E8500BF77A2 /* Controllers */,
				6A441A8C2B0B8E7300BF77A2 /* Views */,
				6A441A8B2B0B8E5D00BF77A2 /* Models */,
				6A8496AE2B0B6CBC002E98D9 /* school_projectApp.swift */,
				6A8496B22B0B6CC1002E98D9 /* Assets.xcassets */,
				6A8496B42B0B6CC1002E98D9 /* school_project.entitlements */,
				6A8496B52B0B6CC1002E98D9 /* Preview Content */,
			);
			path = "school project";
			sourceTree = "<group>";
		};
		6A8496B52B0B6CC1002E98D9 /* Preview Content */ = {
			isa = PBXGroup;
			children = (
				6A8496B62B0B6CC1002E98D9 /* Preview Assets.xcassets */,
			);
			path = "Preview Content";
			sourceTree = "<group>";
		};
/* End PBXGroup section */

/* Begin PBXNativeTarget section */
		6A8496AA2B0B6CBC002E98D9 /* school project */ = {
			isa = PBXNativeTarget;
			buildConfigurationList = 6A8496BA2B0B6CC1002E98D9 /* Build configuration list for PBXNativeTarget "school project" */;
			buildPhases = (
				6A8496A72B0B6CBC002E98D9 /* Sources */,
				6A8496A82B0B6CBC002E98D9 /* Frameworks */,
				6A8496A92B0B6CBC002E98D9 /* Resources */,
			);
			buildRules = (
			);
			dependencies = (
			);
			name = "school project";
			productName = "school project";
			productReference = 6A8496AB2B0B6CBC002E98D9 /* school project.app */;
			productType = "com.apple.product-type.application";
		};
/* End PBXNativeTarget section */

/* Begin PBXProject section */
		6A8496A32B0B6CBC002E98D9 /* Project object */ = {
			isa = PBXProject;
			attributes = {
				BuildIndependentTargetsInParallel = 1;
				LastSwiftUpdateCheck = 1430;
				LastUpgradeCheck = 1430;
				TargetAttributes = {
					6A8496AA2B0B6CBC002E98D9 = {
						CreatedOnToolsVersion = 14.3.1;
					};
				};
			};
			buildConfigurationList = 6A8496A62B0B6CBC002E98D9 /* Build configuration list for PBXProject "school project" */;
			compatibilityVersion = "Xcode 14.0";
			developmentRegion = en;
			hasScannedForEncodings = 0;
			knownRegions = (
				en,
				Base,
			);
			mainGroup = 6A8496A22B0B6CBC002E98D9;
			productRefGroup = 6A8496AC2B0B6CBC002E98D9 /* Products */;
			projectDirPath = "";
			projectRoot = "";
			targets = (
				6A8496AA2B0B6CBC002E98D9 /* school project */,
			);
		};
/* End PBXProject section */

/* Begin PBXResourcesBuildPhase section */
		6A8496A92B0B6CBC002E98D9 /* Resources */ = {
			isa = PBXResourcesBuildPhase;
			buildActionMask = 2147483647;
			files = (
				6A8496B72B0B6CC1002E98D9 /* Preview Assets.xcassets in Resources */,
				6A8496B32B0B6CC1002E98D9 /* Assets.xcassets in Resources */,
			);
			runOnlyForDeploymentPostprocessing = 0;
		};
/* End PBXResourcesBuildPhase section */

/* Begin PBXSourcesBuildPhase section */
		6A8496A72B0B6CBC002E98D9 /* Sources */ = {
			isa = PBXSourcesBuildPhase;
			buildActionMask = 2147483647;
			files = (
				6A441A952B0B8F1900BF77A2 /* APIManager.swift in Sources */,
				6A45D0182B0CAFDD006CDE15 /* ResultView.swift in Sources */,
				6A1BC9D12B0D038C006875F4 /* LoadingView.swift in Sources */,
				6A441A9D2B0B8F6C00BF77A2 /* QuizController.swift in Sources */,
				6A42E7B02B0E542200C5D019 /* AddBotView.swift in Sources */,
				6A441AA12B0B903B00BF77A2 /* HomeView.swift in Sources */,
				6A45D0102B0C9FAF006CDE15 /* Categories.swift in Sources */,
				6A3D2EDE2B0DED6F00E5B85F /* Questions.swift in Sources */,
				6A42E7B62B0E550600C5D019 /* DifficultySelectionView.swift in Sources */,
				6A441A932B0B8F0800BF77A2 /* Player.swift in Sources */,
				6A45D0162B0CA72A006CDE15 /* QuizView.swift in Sources */,
				6A441AA82B0B96A500BF77A2 /* GameModeSelectionView.swift in Sources */,
				6A42E7B22B0E547000C5D019 /* DifficultyCard.swift in Sources */,
				6A8496AF2B0B6CBC002E98D9 /* school_projectApp.swift in Sources */,
			);
			runOnlyForDeploymentPostprocessing = 0;
		};
/* End PBXSourcesBuildPhase section */

/* Begin XCBuildConfiguration section */
		6A8496B82B0B6CC1002E98D9 /* Debug */ = {
			isa = XCBuildConfiguration;
			buildSettings = {
				ALWAYS_SEARCH_USER_PATHS = NO;
				CLANG_ANALYZER_NONNULL = YES;
				CLANG_ANALYZER_NUMBER_OBJECT_CONVERSION = YES_AGGRESSIVE;
				CLANG_CXX_LANGUAGE_STANDARD = "gnu++20";
				CLANG_ENABLE_MODULES = YES;
				CLANG_ENABLE_OBJC_ARC = YES;
				CLANG_ENABLE_OBJC_WEAK = YES;
				CLANG_WARN_BLOCK_CAPTURE_AUTORELEASING = YES;
				CLANG_WARN_BOOL_CONVERSION = YES;
				CLANG_WARN_COMMA = YES;
				CLANG_WARN_CONSTANT_CONVERSION = YES;
				CLANG_WARN_DEPRECATED_OBJC_IMPLEMENTATIONS = YES;
				CLANG_WARN_DIRECT_OBJC_ISA_USAGE = YES_ERROR;
				CLANG_WARN_DOCUMENTATION_COMMENTS = YES;
				CLANG_WARN_EMPTY_BODY = YES;
				CLANG_WARN_ENUM_CONVERSION = YES;
				CLANG_WARN_INFINITE_RECURSION = YES;
				CLANG_WARN_INT_CONVERSION = YES;
				CLANG_WARN_NON_LITERAL_NULL_CONVERSION = YES;
				CLANG_WARN_OBJC_IMPLICIT_RETAIN_SELF = YES;
				CLANG_WARN_OBJC_LITERAL_CONVERSION = YES;
				CLANG_WARN_OBJC_ROOT_CLASS = YES_ERROR;
				CLANG_WARN_QUOTED_INCLUDE_IN_FRAMEWORK_HEADER = YES;
				CLANG_WARN_RANGE_LOOP_ANALYSIS = YES;
				CLANG_WARN_STRICT_PROTOTYPES = YES;
				CLANG_WARN_SUSPICIOUS_MOVE = YES;
				CLANG_WARN_UNGUARDED_AVAILABILITY = YES_AGGRESSIVE;
				CLANG_WARN_UNREACHABLE_CODE = YES;
				CLANG_WARN__DUPLICATE_METHOD_MATCH = YES;
				COPY_PHASE_STRIP = NO;
				DEBUG_INFORMATION_FORMAT = dwarf;
				ENABLE_STRICT_OBJC_MSGSEND = YES;
				ENABLE_TESTABILITY = YES;
				GCC_C_LANGUAGE_STANDARD = gnu11;
				GCC_DYNAMIC_NO_PIC = NO;
				GCC_NO_COMMON_BLOCKS = YES;
				GCC_OPTIMIZATION_LEVEL = 0;
				GCC_PREPROCESSOR_DEFINITIONS = (
					"DEBUG=1",
					"$(inherited)",
				);
				GCC_WARN_64_TO_32_BIT_CONVERSION = YES;
				GCC_WARN_ABOUT_RETURN_TYPE = YES_ERROR;
				GCC_WARN_UNDECLARED_SELECTOR = YES;
				GCC_WARN_UNINITIALIZED_AUTOS = YES_AGGRESSIVE;
				GCC_WARN_UNUSED_FUNCTION = YES;
				GCC_WARN_UNUSED_VARIABLE = YES;
				MTL_ENABLE_DEBUG_INFO = INCLUDE_SOURCE;
				MTL_FAST_MATH = YES;
				ONLY_ACTIVE_ARCH = YES;
				SWIFT_ACTIVE_COMPILATION_CONDITIONS = DEBUG;
				SWIFT_OPTIMIZATION_LEVEL = "-Onone";
			};
			name = Debug;
		};
		6A8496B92B0B6CC1002E98D9 /* Release */ = {
			isa = XCBuildConfiguration;
			buildSettings = {
				ALWAYS_SEARCH_USER_PATHS = NO;
				CLANG_ANALYZER_NONNULL = YES;
				CLANG_ANALYZER_NUMBER_OBJECT_CONVERSION = YES_AGGRESSIVE;
				CLANG_CXX_LANGUAGE_STANDARD = "gnu++20";
				CLANG_ENABLE_MODULES = YES;
				CLANG_ENABLE_OBJC_ARC = YES;
				CLANG_ENABLE_OBJC_WEAK = YES;
				CLANG_WARN_BLOCK_CAPTURE_AUTORELEASING = YES;
				CLANG_WARN_BOOL_CONVERSION = YES;
				CLANG_WARN_COMMA = YES;
				CLANG_WARN_CONSTANT_CONVERSION = YES;
				CLANG_WARN_DEPRECATED_OBJC_IMPLEMENTATIONS = YES;
				CLANG_WARN_DIRECT_OBJC_ISA_USAGE = YES_ERROR;
				CLANG_WARN_DOCUMENTATION_COMMENTS = YES;
				CLANG_WARN_EMPTY_BODY = YES;
				CLANG_WARN_ENUM_CONVERSION = YES;
				CLANG_WARN_INFINITE_RECURSION = YES;
				CLANG_WARN_INT_CONVERSION = YES;
				CLANG_WARN_NON_LITERAL_NULL_CONVERSION = YES;
				CLANG_WARN_OBJC_IMPLICIT_RETAIN_SELF = YES;
				CLANG_WARN_OBJC_LITERAL_CONVERSION = YES;
				CLANG_WARN_OBJC_ROOT_CLASS = YES_ERROR;
				CLANG_WARN_QUOTED_INCLUDE_IN_FRAMEWORK_HEADER = YES;
				CLANG_WARN_RANGE_LOOP_ANALYSIS = YES;
				CLANG_WARN_STRICT_PROTOTYPES = YES;
				CLANG_WARN_SUSPICIOUS_MOVE = YES;
				CLANG_WARN_UNGUARDED_AVAILABILITY = YES_AGGRESSIVE;
				CLANG_WARN_UNREACHABLE_CODE = YES;
				CLANG_WARN__DUPLICATE_METHOD_MATCH = YES;
				COPY_PHASE_STRIP = NO;
				DEBUG_INFORMATION_FORMAT = "dwarf-with-dsym";
				ENABLE_NS_ASSERTIONS = NO;
				ENABLE_STRICT_OBJC_MSGSEND = YES;
				GCC_C_LANGUAGE_STANDARD = gnu11;
				GCC_NO_COMMON_BLOCKS = YES;
				GCC_WARN_64_TO_32_BIT_CONVERSION = YES;
				GCC_WARN_ABOUT_RETURN_TYPE = YES_ERROR;
				GCC_WARN_UNDECLARED_SELECTOR = YES;
				GCC_WARN_UNINITIALIZED_AUTOS = YES_AGGRESSIVE;
				GCC_WARN_UNUSED_FUNCTION = YES;
				GCC_WARN_UNUSED_VARIABLE = YES;
				MTL_ENABLE_DEBUG_INFO = NO;
				MTL_FAST_MATH = YES;
				SWIFT_COMPILATION_MODE = wholemodule;
				SWIFT_OPTIMIZATION_LEVEL = "-O";
			};
			name = Release;
		};
		6A8496BB2B0B6CC1002E98D9 /* Debug */ = {
			isa = XCBuildConfiguration;
			buildSettings = {
				ASSETCATALOG_COMPILER_APPICON_NAME = AppIcon;
				ASSETCATALOG_COMPILER_GLOBAL_ACCENT_COLOR_NAME = AccentColor;
				CODE_SIGN_ENTITLEMENTS = "school project/school_project.entitlements";
				CODE_SIGN_STYLE = Automatic;
				CURRENT_PROJECT_VERSION = 1;
				DEVELOPMENT_ASSET_PATHS = "\"school project/Preview Content\"";
				ENABLE_PREVIEWS = YES;
				GENERATE_INFOPLIST_FILE = YES;
				"INFOPLIST_KEY_UIApplicationSceneManifest_Generation[sdk=iphoneos*]" = YES;
				"INFOPLIST_KEY_UIApplicationSceneManifest_Generation[sdk=iphonesimulator*]" = YES;
				"INFOPLIST_KEY_UIApplicationSupportsIndirectInputEvents[sdk=iphoneos*]" = YES;
				"INFOPLIST_KEY_UIApplicationSupportsIndirectInputEvents[sdk=iphonesimulator*]" = YES;
				"INFOPLIST_KEY_UILaunchScreen_Generation[sdk=iphoneos*]" = YES;
				"INFOPLIST_KEY_UILaunchScreen_Generation[sdk=iphonesimulator*]" = YES;
				"INFOPLIST_KEY_UIStatusBarStyle[sdk=iphoneos*]" = UIStatusBarStyleDefault;
				"INFOPLIST_KEY_UIStatusBarStyle[sdk=iphonesimulator*]" = UIStatusBarStyleDefault;
				INFOPLIST_KEY_UISupportedInterfaceOrientations_iPad = "UIInterfaceOrientationPortrait UIInterfaceOrientationPortraitUpsideDown UIInterfaceOrientationLandscapeLeft UIInterfaceOrientationLandscapeRight";
				INFOPLIST_KEY_UISupportedInterfaceOrientations_iPhone = "UIInterfaceOrientationPortrait UIInterfaceOrientationLandscapeLeft UIInterfaceOrientationLandscapeRight";
				IPHONEOS_DEPLOYMENT_TARGET = 16.4;
				LD_RUNPATH_SEARCH_PATHS = "@executable_path/Frameworks";
				"LD_RUNPATH_SEARCH_PATHS[sdk=macosx*]" = "@executable_path/../Frameworks";
				MACOSX_DEPLOYMENT_TARGET = 13.3;
				MARKETING_VERSION = 1.0;
				PRODUCT_BUNDLE_IDENTIFIER = "IIM.school-project";
				PRODUCT_NAME = "$(TARGET_NAME)";
				SDKROOT = auto;
				SUPPORTED_PLATFORMS = "iphoneos iphonesimulator macosx";
				SWIFT_EMIT_LOC_STRINGS = YES;
				SWIFT_VERSION = 5.0;
				TARGETED_DEVICE_FAMILY = "1,2";
			};
			name = Debug;
		};
		6A8496BC2B0B6CC1002E98D9 /* Release */ = {
			isa = XCBuildConfiguration;
			buildSettings = {
				ASSETCATALOG_COMPILER_APPICON_NAME = AppIcon;
				ASSETCATALOG_COMPILER_GLOBAL_ACCENT_COLOR_NAME = AccentColor;
				CODE_SIGN_ENTITLEMENTS = "school project/school_project.entitlements";
				CODE_SIGN_STYLE = Automatic;
				CURRENT_PROJECT_VERSION = 1;
				DEVELOPMENT_ASSET_PATHS = "\"school project/Preview Content\"";
				ENABLE_PREVIEWS = YES;
				GENERATE_INFOPLIST_FILE = YES;
				"INFOPLIST_KEY_UIApplicationSceneManifest_Generation[sdk=iphoneos*]" = YES;
				"INFOPLIST_KEY_UIApplicationSceneManifest_Generation[sdk=iphonesimulator*]" = YES;
				"INFOPLIST_KEY_UIApplicationSupportsIndirectInputEvents[sdk=iphoneos*]" = YES;
				"INFOPLIST_KEY_UIApplicationSupportsIndirectInputEvents[sdk=iphonesimulator*]" = YES;
				"INFOPLIST_KEY_UILaunchScreen_Generation[sdk=iphoneos*]" = YES;
				"INFOPLIST_KEY_UILaunchScreen_Generation[sdk=iphonesimulator*]" = YES;
				"INFOPLIST_KEY_UIStatusBarStyle[sdk=iphoneos*]" = UIStatusBarStyleDefault;
				"INFOPLIST_KEY_UIStatusBarStyle[sdk=iphonesimulator*]" = UIStatusBarStyleDefault;
				INFOPLIST_KEY_UISupportedInterfaceOrientations_iPad = "UIInterfaceOrientationPortrait UIInterfaceOrientationPortraitUpsideDown UIInterfaceOrientationLandscapeLeft UIInterfaceOrientationLandscapeRight";
				INFOPLIST_KEY_UISupportedInterfaceOrientations_iPhone = "UIInterfaceOrientationPortrait UIInterfaceOrientationLandscapeLeft UIInterfaceOrientationLandscapeRight";
				IPHONEOS_DEPLOYMENT_TARGET = 16.4;
				LD_RUNPATH_SEARCH_PATHS = "@executable_path/Frameworks";
				"LD_RUNPATH_SEARCH_PATHS[sdk=macosx*]" = "@executable_path/../Frameworks";
				MACOSX_DEPLOYMENT_TARGET = 13.3;
				MARKETING_VERSION = 1.0;
				PRODUCT_BUNDLE_IDENTIFIER = "IIM.school-project";
				PRODUCT_NAME = "$(TARGET_NAME)";
				SDKROOT = auto;
				SUPPORTED_PLATFORMS = "iphoneos iphonesimulator macosx";
				SWIFT_EMIT_LOC_STRINGS = YES;
				SWIFT_VERSION = 5.0;
				TARGETED_DEVICE_FAMILY = "1,2";
			};
			name = Release;
		};
/* End XCBuildConfiguration section */

/* Begin XCConfigurationList section */
		6A8496A62B0B6CBC002E98D9 /* Build configuration list for PBXProject "school project" */ = {
			isa = XCConfigurationList;
			buildConfigurations = (
				6A8496B82B0B6CC1002E98D9 /* Debug */,
				6A8496B92B0B6CC1002E98D9 /* Release */,
			);
			defaultConfigurationIsVisible = 0;
			defaultConfigurationName = Release;
		};
		6A8496BA2B0B6CC1002E98D9 /* Build configuration list for PBXNativeTarget "school project" */ = {
			isa = XCConfigurationList;
			buildConfigurations = (
				6A8496BB2B0B6CC1002E98D9 /* Debug */,
				6A8496BC2B0B6CC1002E98D9 /* Release */,
			);
			defaultConfigurationIsVisible = 0;
			defaultConfigurationName = Release;
		};
/* End XCConfigurationList section */
	};
	rootObject = 6A8496A32B0B6CBC002E98D9 /* Project object */;
}
